
Microsoft Visual Studio Solution File, Format Version 12.00
# Visual Studio Version 17
VisualStudioVersion = 17.0.31903.59
MinimumVisualStudioVersion = 10.0.40219.1
Project("{FAE04EC0-301F-11D3-BF4B-00C04F79EFBC}") = "Maidsweeper.Core", "core\Maidsweeper.Core.csproj", "{8DC83991-5468-40D8-94F2-27645EE1CFED}"
EndProject
Project("{FAE04EC0-301F-11D3-BF4B-00C04F79EFBC}") = "Maidsweeper.Tests", "tests\Maidsweeper.Tests.csproj", "{8CF69178-DEEF-4332-9611-782280DAF843}"
EndProject
Global
	GlobalSection(SolutionConfigurationPlatforms) = preSolution
		Debug|Any CPU = Debug|Any CPU
		Release|Any CPU = Release|Any CPU
	EndGlobalSection
	GlobalSection(SolutionProperties) = preSolution
		HideSolutionNode = FALSE
	EndGlobalSection
	GlobalSection(ProjectConfigurationPlatforms) = postSolution
		{8DC83991-5468-40D8-94F2-27645EE1CFED}.Debug|Any CPU.ActiveCfg = Debug|Any CPU
		{8DC83991-5468-40D8-94F2-27645EE1CFED}.Debug|Any CPU.Build.0 = Debug|Any CPU
		{8DC83991-5468-40D8-94F2-27645EE1CFED}.Release|Any CPU.ActiveCfg = Release|Any CPU
		{8DC83991-5468-40D8-94F2-27645EE1CFED}.Release|Any CPU.Build.0 = Release|Any CPU
		{8CF69178-DEEF-4332-9611-782280DAF843}.Debug|Any CPU.ActiveCfg = Debug|Any CPU
		{8CF69178-DEEF-4332-9611-782280DAF843}.Debug|Any CPU.Build.0 = Debug|Any CPU
		{8CF69178-DEEF-4332-9611-782280DAF843}.Release|Any CPU.ActiveCfg = Release|Any CPU
		{8CF69178-DEEF-4332-9611-782280DAF843}.Release|Any CPU.Build.0 = Release|Any CPU
	EndGlobalSection
EndGlobal
